
Microsoft Visual Studio Solution File, Format Version 12.00
# Visual Studio 15
VisualStudioVersion = 15.0.28010.2016
MinimumVisualStudioVersion = 10.0.40219.1
Project("{FAE04EC0-301F-11D3-BF4B-00C04F79EFBC}") = "ParallelCrawler", "ParallelCrawler\ParallelCrawler.csproj", "{38447374-8438-4FFD-A842-E2DE3B673B74}"
EndProject
Global
	GlobalSection(SolutionConfigurationPlatforms) = preSolution
		Debug|Any CPU = Debug|Any CPU
		Release|Any CPU = Release|Any CPU
	EndGlobalSection
	GlobalSection(ProjectConfigurationPlatforms) = postSolution
		{38447374-8438-4FFD-A842-E2DE3B673B74}.Debug|Any CPU.ActiveCfg = Debug|Any CPU
		{38447374-8438-4FFD-A842-E2DE3B673B74}.Debug|Any CPU.Build.0 = Debug|Any CPU
		{38447374-8438-4FFD-A842-E2DE3B673B74}.Release|Any CPU.ActiveCfg = Release|Any CPU
		{38447374-8438-4FFD-A842-E2DE3B673B74}.Release|Any CPU.Build.0 = Release|Any CPU
	EndGlobalSection
	GlobalSection(SolutionProperties) = preSolution
		HideSolutionNode = FALSE
	EndGlobalSection
	GlobalSection(ExtensibilityGlobals) = postSolution
		SolutionGuid = {F6C518C0-94F5-4805-A9D7-C62C4FBB8644}
	EndGlobalSection
EndGlobal
