
Microsoft Visual Studio Solution File, Format Version 12.00
# Visual Studio 15
VisualStudioVersion = 15.0.27130.2027
MinimumVisualStudioVersion = 10.0.40219.1
Project("{FAE04EC0-301F-11D3-BF4B-00C04F79EFBC}") = "homework10", "homework10\homework10.csproj", "{13A8681D-ECF2-4712-AF56-58C8BEE9C0DF}"
EndProject
Global
	GlobalSection(SolutionConfigurationPlatforms) = preSolution
		Debug|Any CPU = Debug|Any CPU
		Release|Any CPU = Release|Any CPU
	EndGlobalSection
	GlobalSection(ProjectConfigurationPlatforms) = postSolution
		{13A8681D-ECF2-4712-AF56-58C8BEE9C0DF}.Debug|Any CPU.ActiveCfg = Debug|Any CPU
		{13A8681D-ECF2-4712-AF56-58C8BEE9C0DF}.Debug|Any CPU.Build.0 = Debug|Any CPU
		{13A8681D-ECF2-4712-AF56-58C8BEE9C0DF}.Release|Any CPU.ActiveCfg = Release|Any CPU
		{13A8681D-ECF2-4712-AF56-58C8BEE9C0DF}.Release|Any CPU.Build.0 = Release|Any CPU
	EndGlobalSection
	GlobalSection(SolutionProperties) = preSolution
		HideSolutionNode = FALSE
	EndGlobalSection
	GlobalSection(ExtensibilityGlobals) = postSolution
		SolutionGuid = {64249D44-07FD-41E5-947E-B8CF132F3590}
	EndGlobalSection
EndGlobal
