
Microsoft Visual Studio Solution File, Format Version 12.00
# Visual Studio 15
VisualStudioVersion = 15.0.27130.2027
MinimumVisualStudioVersion = 10.0.40219.1
Project("{FAE04EC0-301F-11D3-BF4B-00C04F79EFBC}") = "program2", "program2\program2.csproj", "{1CD4A005-A194-4862-9A5C-D6470991979B}"
EndProject
Global
	GlobalSection(SolutionConfigurationPlatforms) = preSolution
		Debug|Any CPU = Debug|Any CPU
		Release|Any CPU = Release|Any CPU
	EndGlobalSection
	GlobalSection(ProjectConfigurationPlatforms) = postSolution
		{1CD4A005-A194-4862-9A5C-D6470991979B}.Debug|Any CPU.ActiveCfg = Debug|Any CPU
		{1CD4A005-A194-4862-9A5C-D6470991979B}.Debug|Any CPU.Build.0 = Debug|Any CPU
		{1CD4A005-A194-4862-9A5C-D6470991979B}.Release|Any CPU.ActiveCfg = Release|Any CPU
		{1CD4A005-A194-4862-9A5C-D6470991979B}.Release|Any CPU.Build.0 = Release|Any CPU
	EndGlobalSection
	GlobalSection(SolutionProperties) = preSolution
		HideSolutionNode = FALSE
	EndGlobalSection
	GlobalSection(ExtensibilityGlobals) = postSolution
		SolutionGuid = {A86D8735-8DF8-46B4-901D-323E2C0F8185}
	EndGlobalSection
EndGlobal
