
Microsoft Visual Studio Solution File, Format Version 12.00
# Visual Studio 15
VisualStudioVersion = 15.0.27130.2027
MinimumVisualStudioVersion = 10.0.40219.1
Project("{FAE04EC0-301F-11D3-BF4B-00C04F79EFBC}") = "4-program1", "4-program1\4-program1.csproj", "{0C937015-E3CF-43AE-ABC0-9363CE7A7B1E}"
EndProject
Global
	GlobalSection(SolutionConfigurationPlatforms) = preSolution
		Debug|Any CPU = Debug|Any CPU
		Release|Any CPU = Release|Any CPU
	EndGlobalSection
	GlobalSection(ProjectConfigurationPlatforms) = postSolution
		{0C937015-E3CF-43AE-ABC0-9363CE7A7B1E}.Debug|Any CPU.ActiveCfg = Debug|Any CPU
		{0C937015-E3CF-43AE-ABC0-9363CE7A7B1E}.Debug|Any CPU.Build.0 = Debug|Any CPU
		{0C937015-E3CF-43AE-ABC0-9363CE7A7B1E}.Release|Any CPU.ActiveCfg = Release|Any CPU
		{0C937015-E3CF-43AE-ABC0-9363CE7A7B1E}.Release|Any CPU.Build.0 = Release|Any CPU
	EndGlobalSection
	GlobalSection(SolutionProperties) = preSolution
		HideSolutionNode = FALSE
	EndGlobalSection
	GlobalSection(ExtensibilityGlobals) = postSolution
		SolutionGuid = {8EBE2EF8-F6C4-4702-BB90-FCEF7174EEDC}
	EndGlobalSection
EndGlobal
