
Microsoft Visual Studio Solution File, Format Version 12.00
# Visual Studio 15
VisualStudioVersion = 15.0.27130.2027
MinimumVisualStudioVersion = 10.0.40219.1
Project("{FAE04EC0-301F-11D3-BF4B-00C04F79EFBC}") = "program2", "program2\program2.csproj", "{08FC4D02-0694-49AC-B4F9-6EE2D38C0EA1}"
EndProject
Global
	GlobalSection(SolutionConfigurationPlatforms) = preSolution
		Debug|Any CPU = Debug|Any CPU
		Release|Any CPU = Release|Any CPU
	EndGlobalSection
	GlobalSection(ProjectConfigurationPlatforms) = postSolution
		{08FC4D02-0694-49AC-B4F9-6EE2D38C0EA1}.Debug|Any CPU.ActiveCfg = Debug|Any CPU
		{08FC4D02-0694-49AC-B4F9-6EE2D38C0EA1}.Debug|Any CPU.Build.0 = Debug|Any CPU
		{08FC4D02-0694-49AC-B4F9-6EE2D38C0EA1}.Release|Any CPU.ActiveCfg = Release|Any CPU
		{08FC4D02-0694-49AC-B4F9-6EE2D38C0EA1}.Release|Any CPU.Build.0 = Release|Any CPU
	EndGlobalSection
	GlobalSection(SolutionProperties) = preSolution
		HideSolutionNode = FALSE
	EndGlobalSection
	GlobalSection(ExtensibilityGlobals) = postSolution
		SolutionGuid = {FFB58202-4138-4610-959C-639950EAEA7C}
	EndGlobalSection
EndGlobal
